
Microsoft Visual Studio Solution File, Format Version 12.00
# Visual Studio Version 17
VisualStudioVersion = 17.5.33530.505
MinimumVisualStudioVersion = 10.0.40219.1
Project("{FAE04EC0-301F-11D3-BF4B-00C04F79EFBC}") = "BethanysPieShopHRM.App", "BethanysPieShopHRM.App\BethanysPieShopHRM.App.csproj", "{AD2E7099-AD35-4129-9293-0D3CEAFCD708}"
EndProject
Project("{9A19103F-16F7-4668-BE54-9A1E7A4F7556}") = "BethanysPieShopHRM.Shared", "BethanysPieShopHRM.Shared\BethanysPieShopHRM.Shared.csproj", "{4973F57E-37DA-4CFF-BB9E-51B2819CF225}"
EndProject
Global
	GlobalSection(SolutionConfigurationPlatforms) = preSolution
		Debug|Any CPU = Debug|Any CPU
		Release|Any CPU = Release|Any CPU
	EndGlobalSection
	GlobalSection(ProjectConfigurationPlatforms) = postSolution
		{AD2E7099-AD35-4129-9293-0D3CEAFCD708}.Debug|Any CPU.ActiveCfg = Debug|Any CPU
		{AD2E7099-AD35-4129-9293-0D3CEAFCD708}.Debug|Any CPU.Build.0 = Debug|Any CPU
		{AD2E7099-AD35-4129-9293-0D3CEAFCD708}.Release|Any CPU.ActiveCfg = Release|Any CPU
		{AD2E7099-AD35-4129-9293-0D3CEAFCD708}.Release|Any CPU.Build.0 = Release|Any CPU
		{4973F57E-37DA-4CFF-BB9E-51B2819CF225}.Debug|Any CPU.ActiveCfg = Debug|Any CPU
		{4973F57E-37DA-4CFF-BB9E-51B2819CF225}.Debug|Any CPU.Build.0 = Debug|Any CPU
		{4973F57E-37DA-4CFF-BB9E-51B2819CF225}.Release|Any CPU.ActiveCfg = Release|Any CPU
		{4973F57E-37DA-4CFF-BB9E-51B2819CF225}.Release|Any CPU.Build.0 = Release|Any CPU
	EndGlobalSection
	GlobalSection(SolutionProperties) = preSolution
		HideSolutionNode = FALSE
	EndGlobalSection
	GlobalSection(ExtensibilityGlobals) = postSolution
		SolutionGuid = {EC40D201-FABF-4EA9-ABBF-F43A801A5150}
	EndGlobalSection
EndGlobal
